{
  "pins" : [
    {
      "identity" : "combinestarscream",
      "kind" : "remoteSourceControl",
      "location" : "https://github.com/N1k1tung/CombineStarscream.git",
      "state" : {
        "branch" : "main",
        "revision" : "35b6af5444a15266cd82bb1807cd6c0301849a24"
      }
    },
    {
      "identity" : "objectmapper",
      "kind" : "remoteSourceControl",
      "location" : "https://github.com/tristanhimmelman/ObjectMapper.git",
      "state" : {
        "revision" : "0b96a734de3ea1c87374ae677064f86adb0716ec",
        "version" : "4.2.0"
      }
    },
    {
      "identity" : "starscream",
      "kind" : "remoteSourceControl",
      "location" : "https://github.com/daltoniam/Starscream.git",
      "state" : {
        "revision" : "a063fda2b8145a231953c20e7a646be254365396",
        "version" : "3.1.2"
      }
    }
  ],
  "version" : 2
}
